
Microsoft Visual Studio Solution File, Format Version 12.00
# Visual Studio Version 17
VisualStudioVersion = 17.9.34728.123
MinimumVisualStudioVersion = 10.0.40219.1
Project("{FAE04EC0-301F-11D3-BF4B-00C04F79EFBC}") = "Program-Form-Backend-API", "Program-Form-Backend-API.csproj", "{EB99A7B0-CBEA-4F18-95EF-20368F3B1EA2}"
EndProject
Project("{2150E333-8FDC-42A3-9474-1A3956D46DE8}") = "Models", "Models", "{390DD337-BFCE-40F4-93CA-95A63B984DD7}"
	ProjectSection(SolutionItems) = preProject
		CompanyProgram.cs = CompanyProgram.cs
		PErsonalInformation.cs = PErsonalInformation.cs
		Question.cs = Question.cs
	EndProjectSection
EndProject
Global
	GlobalSection(SolutionConfigurationPlatforms) = preSolution
		Debug|Any CPU = Debug|Any CPU
		Release|Any CPU = Release|Any CPU
	EndGlobalSection
	GlobalSection(ProjectConfigurationPlatforms) = postSolution
		{EB99A7B0-CBEA-4F18-95EF-20368F3B1EA2}.Debug|Any CPU.ActiveCfg = Debug|Any CPU
		{EB99A7B0-CBEA-4F18-95EF-20368F3B1EA2}.Debug|Any CPU.Build.0 = Debug|Any CPU
		{EB99A7B0-CBEA-4F18-95EF-20368F3B1EA2}.Release|Any CPU.ActiveCfg = Release|Any CPU
		{EB99A7B0-CBEA-4F18-95EF-20368F3B1EA2}.Release|Any CPU.Build.0 = Release|Any CPU
	EndGlobalSection
	GlobalSection(SolutionProperties) = preSolution
		HideSolutionNode = FALSE
	EndGlobalSection
	GlobalSection(ExtensibilityGlobals) = postSolution
		SolutionGuid = {6D9DEA08-DF9A-400E-BEFD-2B7853FAA919}
	EndGlobalSection
EndGlobal
